
Microsoft Visual Studio Solution File, Format Version 12.00
# Visual Studio Version 17
VisualStudioVersion = 17.8.34511.84
MinimumVisualStudioVersion = 10.0.40219.1
Project("{2150E333-8FDC-42A3-9474-1A3956D46DE8}") = "Frontend", "Frontend", "{744A6B39-37D4-4B31-9F96-24601D9CCC4E}"
EndProject
Project("{2150E333-8FDC-42A3-9474-1A3956D46DE8}") = "Gateway", "Gateway", "{5B69C0DA-7BF9-4795-8341-66C0C569FB28}"
EndProject
Project("{2150E333-8FDC-42A3-9474-1A3956D46DE8}") = "Integration", "Integration", "{CF0AA8C7-91BD-47F3-A170-3DF3A8D720F0}"
EndProject
Project("{2150E333-8FDC-42A3-9474-1A3956D46DE8}") = "Services", "Services", "{5C769D20-132E-4F87-BF79-B8238DEDDC1A}"
EndProject
Project("{FAE04EC0-301F-11D3-BF4B-00C04F79EFBC}") = "Pineapple.Services.CouponAPI", "Services\Pineapple.Services.CouponAPI\Pineapple.Services.CouponAPI.csproj", "{2EF2716F-EF5A-4C72-AC9C-4AAA1A1BEBE5}"
EndProject
Global
	GlobalSection(SolutionConfigurationPlatforms) = preSolution
		Debug|Any CPU = Debug|Any CPU
		Release|Any CPU = Release|Any CPU
	EndGlobalSection
	GlobalSection(ProjectConfigurationPlatforms) = postSolution
		{2EF2716F-EF5A-4C72-AC9C-4AAA1A1BEBE5}.Debug|Any CPU.ActiveCfg = Debug|Any CPU
		{2EF2716F-EF5A-4C72-AC9C-4AAA1A1BEBE5}.Debug|Any CPU.Build.0 = Debug|Any CPU
		{2EF2716F-EF5A-4C72-AC9C-4AAA1A1BEBE5}.Release|Any CPU.ActiveCfg = Release|Any CPU
		{2EF2716F-EF5A-4C72-AC9C-4AAA1A1BEBE5}.Release|Any CPU.Build.0 = Release|Any CPU
	EndGlobalSection
	GlobalSection(SolutionProperties) = preSolution
		HideSolutionNode = FALSE
	EndGlobalSection
	GlobalSection(NestedProjects) = preSolution
		{2EF2716F-EF5A-4C72-AC9C-4AAA1A1BEBE5} = {5C769D20-132E-4F87-BF79-B8238DEDDC1A}
	EndGlobalSection
	GlobalSection(ExtensibilityGlobals) = postSolution
		SolutionGuid = {80933777-FB4B-4C6F-BC19-26052CEE01A8}
	EndGlobalSection
EndGlobal
